
Microsoft Visual Studio Solution File, Format Version 12.00
# Visual Studio Version 17
VisualStudioVersion = 17.12.35707.178
MinimumVisualStudioVersion = 10.0.40219.1
Project("{FAE04EC0-301F-11D3-BF4B-00C04F79EFBC}") = "WebApplication3", "WebApplication3.csproj", "{0194C73F-77BD-425D-8386-29DD74D4DA9F}"
EndProject
Project("{FAE04EC0-301F-11D3-BF4B-00C04F79EFBC}") = "WebApplicationTestProject", "..\WebApplicationTestProject\WebApplicationTestProject.csproj", "{8997D778-9CC4-42B6-9CB1-08394630F228}"
EndProject
Global
	GlobalSection(SolutionConfigurationPlatforms) = preSolution
		Debug|Any CPU = Debug|Any CPU
		Release|Any CPU = Release|Any CPU
	EndGlobalSection
	GlobalSection(ProjectConfigurationPlatforms) = postSolution
		{0194C73F-77BD-425D-8386-29DD74D4DA9F}.Debug|Any CPU.ActiveCfg = Debug|Any CPU
		{0194C73F-77BD-425D-8386-29DD74D4DA9F}.Debug|Any CPU.Build.0 = Debug|Any CPU
		{0194C73F-77BD-425D-8386-29DD74D4DA9F}.Release|Any CPU.ActiveCfg = Release|Any CPU
		{0194C73F-77BD-425D-8386-29DD74D4DA9F}.Release|Any CPU.Build.0 = Release|Any CPU
		{8997D778-9CC4-42B6-9CB1-08394630F228}.Debug|Any CPU.ActiveCfg = Debug|Any CPU
		{8997D778-9CC4-42B6-9CB1-08394630F228}.Debug|Any CPU.Build.0 = Debug|Any CPU
		{8997D778-9CC4-42B6-9CB1-08394630F228}.Release|Any CPU.ActiveCfg = Release|Any CPU
		{8997D778-9CC4-42B6-9CB1-08394630F228}.Release|Any CPU.Build.0 = Release|Any CPU
	EndGlobalSection
	GlobalSection(SolutionProperties) = preSolution
		HideSolutionNode = FALSE
	EndGlobalSection
EndGlobal
